
Microsoft Visual Studio Solution File, Format Version 12.00
# Visual Studio Version 17
VisualStudioVersion = 17.14.37531.7 d17.14
MinimumVisualStudioVersion = 10.0.40219.1
Project("{FAE04EC0-301F-11D3-BF4B-00C04F79EFBC}") = "UserManagementApp", "UserManagementApp.csproj", "{390DB111-BA0F-49DF-A080-48FC378F7E07}"
EndProject
Global
	GlobalSection(SolutionConfigurationPlatforms) = preSolution
		Debug|Any CPU = Debug|Any CPU
		Release|Any CPU = Release|Any CPU
	EndGlobalSection
	GlobalSection(ProjectConfigurationPlatforms) = postSolution
		{390DB111-BA0F-49DF-A080-48FC378F7E07}.Debug|Any CPU.ActiveCfg = Debug|Any CPU
		{390DB111-BA0F-49DF-A080-48FC378F7E07}.Debug|Any CPU.Build.0 = Debug|Any CPU
		{390DB111-BA0F-49DF-A080-48FC378F7E07}.Release|Any CPU.ActiveCfg = Release|Any CPU
		{390DB111-BA0F-49DF-A080-48FC378F7E07}.Release|Any CPU.Build.0 = Release|Any CPU
	EndGlobalSection
	GlobalSection(SolutionProperties) = preSolution
		HideSolutionNode = FALSE
	EndGlobalSection
	GlobalSection(ExtensibilityGlobals) = postSolution
		SolutionGuid = {A611382B-3231-46C6-9055-10AA6670E0C6}
	EndGlobalSection
EndGlobal
